
Microsoft Visual Studio Solution File, Format Version 12.00
# Visual Studio Version 17
VisualStudioVersion = 17.0.32112.339
MinimumVisualStudioVersion = 10.0.40219.1
Project("{FAE04EC0-301F-11D3-BF4B-00C04F79EFBC}") = "Yello.Api", "src\Yello.Api\Yello.Api.csproj", "{E72001A4-858C-4C47-BCAB-24021AE606C3}"
EndProject
Project("{FAE04EC0-301F-11D3-BF4B-00C04F79EFBC}") = "Yello.Core", "src\Yello.Core\Yello.Core.csproj", "{9D07FBDE-876B-45AA-89AB-1F87023975EA}"
EndProject
Project("{FAE04EC0-301F-11D3-BF4B-00C04F79EFBC}") = "Yello.Extensions", "src\Yello.Extensions\Yello.Extensions.csproj", "{31FAEBFB-032E-40C3-93A2-003D9F3632C8}"
EndProject
Project("{FAE04EC0-301F-11D3-BF4B-00C04F79EFBC}") = "Yello.Infrastructure", "src\Yello.Infrastructure\Yello.Infrastructure.csproj", "{2DC46AB7-192D-4FBA-B8F3-80B43AAE0699}"
EndProject
Project("{FAE04EC0-301F-11D3-BF4B-00C04F79EFBC}") = "Yello.Keycloak", "src\Yello.Keycloak\Yello.Keycloak.csproj", "{7ECF2ABC-810A-437C-93D2-23AADEC70B81}"
EndProject
Global
	GlobalSection(SolutionConfigurationPlatforms) = preSolution
		Debug|Any CPU = Debug|Any CPU
		Release|Any CPU = Release|Any CPU
	EndGlobalSection
	GlobalSection(ProjectConfigurationPlatforms) = postSolution
		{E72001A4-858C-4C47-BCAB-24021AE606C3}.Debug|Any CPU.ActiveCfg = Debug|Any CPU
		{E72001A4-858C-4C47-BCAB-24021AE606C3}.Debug|Any CPU.Build.0 = Debug|Any CPU
		{E72001A4-858C-4C47-BCAB-24021AE606C3}.Release|Any CPU.ActiveCfg = Release|Any CPU
		{E72001A4-858C-4C47-BCAB-24021AE606C3}.Release|Any CPU.Build.0 = Release|Any CPU
		{9D07FBDE-876B-45AA-89AB-1F87023975EA}.Debug|Any CPU.ActiveCfg = Debug|Any CPU
		{9D07FBDE-876B-45AA-89AB-1F87023975EA}.Debug|Any CPU.Build.0 = Debug|Any CPU
		{9D07FBDE-876B-45AA-89AB-1F87023975EA}.Release|Any CPU.ActiveCfg = Release|Any CPU
		{9D07FBDE-876B-45AA-89AB-1F87023975EA}.Release|Any CPU.Build.0 = Release|Any CPU
		{31FAEBFB-032E-40C3-93A2-003D9F3632C8}.Debug|Any CPU.ActiveCfg = Debug|Any CPU
		{31FAEBFB-032E-40C3-93A2-003D9F3632C8}.Debug|Any CPU.Build.0 = Debug|Any CPU
		{31FAEBFB-032E-40C3-93A2-003D9F3632C8}.Release|Any CPU.ActiveCfg = Release|Any CPU
		{31FAEBFB-032E-40C3-93A2-003D9F3632C8}.Release|Any CPU.Build.0 = Release|Any CPU
		{2DC46AB7-192D-4FBA-B8F3-80B43AAE0699}.Debug|Any CPU.ActiveCfg = Debug|Any CPU
		{2DC46AB7-192D-4FBA-B8F3-80B43AAE0699}.Debug|Any CPU.Build.0 = Debug|Any CPU
		{2DC46AB7-192D-4FBA-B8F3-80B43AAE0699}.Release|Any CPU.ActiveCfg = Release|Any CPU
		{2DC46AB7-192D-4FBA-B8F3-80B43AAE0699}.Release|Any CPU.Build.0 = Release|Any CPU
		{7ECF2ABC-810A-437C-93D2-23AADEC70B81}.Debug|Any CPU.ActiveCfg = Debug|Any CPU
		{7ECF2ABC-810A-437C-93D2-23AADEC70B81}.Debug|Any CPU.Build.0 = Debug|Any CPU
		{7ECF2ABC-810A-437C-93D2-23AADEC70B81}.Release|Any CPU.ActiveCfg = Release|Any CPU
		{7ECF2ABC-810A-437C-93D2-23AADEC70B81}.Release|Any CPU.Build.0 = Release|Any CPU
	EndGlobalSection
	GlobalSection(SolutionProperties) = preSolution
		HideSolutionNode = FALSE
	EndGlobalSection
	GlobalSection(ExtensibilityGlobals) = postSolution
		SolutionGuid = {863CE6C0-183D-41A8-83A4-74284931D98E}
	EndGlobalSection
EndGlobal
